
Microsoft Visual Studio Solution File, Format Version 12.00
# Visual Studio 15
VisualStudioVersion = 15.0.28307.489
MinimumVisualStudioVersion = 10.0.40219.1
Project("{FAE04EC0-301F-11D3-BF4B-00C04F79EFBC}") = "RazorPagesMovie", "RazorPagesMovie\RazorPagesMovie.csproj", "{A44DCE9B-EDF8-4068-AB6A-B0B278F67DC1}"
EndProject
Global
	GlobalSection(SolutionConfigurationPlatforms) = preSolution
		Debug|Any CPU = Debug|Any CPU
		Release|Any CPU = Release|Any CPU
	EndGlobalSection
	GlobalSection(ProjectConfigurationPlatforms) = postSolution
		{A44DCE9B-EDF8-4068-AB6A-B0B278F67DC1}.Debug|Any CPU.ActiveCfg = Debug|Any CPU
		{A44DCE9B-EDF8-4068-AB6A-B0B278F67DC1}.Debug|Any CPU.Build.0 = Debug|Any CPU
		{A44DCE9B-EDF8-4068-AB6A-B0B278F67DC1}.Release|Any CPU.ActiveCfg = Release|Any CPU
		{A44DCE9B-EDF8-4068-AB6A-B0B278F67DC1}.Release|Any CPU.Build.0 = Release|Any CPU
	EndGlobalSection
	GlobalSection(SolutionProperties) = preSolution
		HideSolutionNode = FALSE
	EndGlobalSection
	GlobalSection(ExtensibilityGlobals) = postSolution
		SolutionGuid = {1F0D1084-DB10-4B4A-972F-CC759A064FC8}
	EndGlobalSection
EndGlobal
